// !$*UTF8*$!
{
	archiveVersion = 1;
	classes = {
	};
	objectVersion = 50;
	objects = {

/* Begin PBXBuildFile section */
		9FC39ACD2799F22000CA9F9D /* AppDelegate.swift in Sources */ = {isa = PBXBuildFile; fileRef = 9FC39ACC2799F22000CA9F9D /* AppDelegate.swift */; };
		9FC39AD12799F22000CA9F9D /* ViewController.swift in Sources */ = {isa = PBXBuildFile; fileRef = 9FC39AD02799F22000CA9F9D /* ViewController.swift */; };
		9FC39AD42799F22000CA9F9D /* Main.storyboard in Resources */ = {isa = PBXBuildFile; fileRef = 9FC39AD22799F22000CA9F9D /* Main.storyboard */; };
		9FC39AD62799F22100CA9F9D /* Assets.xcassets in Resources */ = {isa = PBXBuildFile; fileRef = 9FC39AD52799F22100CA9F9D /* Assets.xcassets */; };
		9FC39AD92799F22100CA9F9D /* LaunchScreen.storyboard in Resources */ = {isa = PBXBuildFile; fileRef = 9FC39AD72799F22100CA9F9D /* LaunchScreen.storyboard */; };
		9FC39AE42799F22100CA9F9D /* CICDiOSTests.swift in Sources */ = {isa = PBXBuildFile; fileRef = 9FC39AE32799F22100CA9F9D /* CICDiOSTests.swift */; };
		9FC39AEF2799F22100CA9F9D /* CICDiOSUITests.swift in Sources */ = {isa = PBXBuildFile; fileRef = 9FC39AEE2799F22100CA9F9D /* CICDiOSUITests.swift */; };
		BDF67B4A40A713E2A3946282 /* Pods_CICDiOS_CICDiOSUITests.framework in Frameworks */ = {isa = PBXBuildFile; fileRef = 4A0B7FB2A2FC6B9D51AA1FD6 /* Pods_CICDiOS_CICDiOSUITests.framework */; };
		C1D4EEA3FC6BA6E43A4675B5 /* Pods_CICDiOSTests.framework in Frameworks */ = {isa = PBXBuildFile; fileRef = 907C211B7066617B6D8070A2 /* Pods_CICDiOSTests.framework */; };
		CED59774D869B8979311F148 /* Pods_CICDiOS.framework in Frameworks */ = {isa = PBXBuildFile; fileRef = 89BEE6AFAC98336AF6A59DDD /* Pods_CICDiOS.framework */; };
/* End PBXBuildFile section */

/* Begin PBXContainerItemProxy section */
		9FC39AE02799F22100CA9F9D /* PBXContainerItemProxy */ = {
			isa = PBXContainerItemProxy;
			containerPortal = 9FC39AC12799F22000CA9F9D /* Project object */;
			proxyType = 1;
			remoteGlobalIDString = 9FC39AC82799F22000CA9F9D;
			remoteInfo = CICDiOS;
		};
		9FC39AEB2799F22100CA9F9D /* PBXContainerItemProxy */ = {
			isa = PBXContainerItemProxy;
			containerPortal = 9FC39AC12799F22000CA9F9D /* Project object */;
			proxyType = 1;
			remoteGlobalIDString = 9FC39AC82799F22000CA9F9D;
			remoteInfo = CICDiOS;
		};
/* End PBXContainerItemProxy section */

/* Begin PBXFileReference section */
		4A0B7FB2A2FC6B9D51AA1FD6 /* Pods_CICDiOS_CICDiOSUITests.framework */ = {isa = PBXFileReference; explicitFileType = wrapper.framework; includeInIndex = 0; path = Pods_CICDiOS_CICDiOSUITests.framework; sourceTree = BUILT_PRODUCTS_DIR; };
		6B7E506956BF562B72C7AA52 /* Pods-CICDiOSTests.release.xcconfig */ = {isa = PBXFileReference; includeInIndex = 1; lastKnownFileType = text.xcconfig; name = "Pods-CICDiOSTests.release.xcconfig"; path = "Target Support Files/Pods-CICDiOSTests/Pods-CICDiOSTests.release.xcconfig"; sourceTree = "<group>"; };
		78E1964C2F0665D0EF7783E7 /* Pods-CICDiOS-CICDiOSUITests.release.xcconfig */ = {isa = PBXFileReference; includeInIndex = 1; lastKnownFileType = text.xcconfig; name = "Pods-CICDiOS-CICDiOSUITests.release.xcconfig"; path = "Target Support Files/Pods-CICDiOS-CICDiOSUITests/Pods-CICDiOS-CICDiOSUITests.release.xcconfig"; sourceTree = "<group>"; };
		89BEE6AFAC98336AF6A59DDD /* Pods_CICDiOS.framework */ = {isa = PBXFileReference; explicitFileType = wrapper.framework; includeInIndex = 0; path = Pods_CICDiOS.framework; sourceTree = BUILT_PRODUCTS_DIR; };
		907C211B7066617B6D8070A2 /* Pods_CICDiOSTests.framework */ = {isa = PBXFileReference; explicitFileType = wrapper.framework; includeInIndex = 0; path = Pods_CICDiOSTests.framework; sourceTree = BUILT_PRODUCTS_DIR; };
		9FC39AC92799F22000CA9F9D /* CICDiOS.app */ = {isa = PBXFileReference; explicitFileType = wrapper.application; includeInIndex = 0; path = CICDiOS.app; sourceTree = BUILT_PRODUCTS_DIR; };
		9FC39ACC2799F22000CA9F9D /* AppDelegate.swift */ = {isa = PBXFileReference; lastKnownFileType = sourcecode.swift; path = AppDelegate.swift; sourceTree = "<group>"; };
		9FC39AD02799F22000CA9F9D /* ViewController.swift */ = {isa = PBXFileReference; lastKnownFileType = sourcecode.swift; path = ViewController.swift; sourceTree = "<group>"; };
		9FC39AD32799F22000CA9F9D /* Base */ = {isa = PBXFileReference; lastKnownFileType = file.storyboard; name = Base; path = Base.lproj/Main.storyboard; sourceTree = "<group>"; };
		9FC39AD52799F22100CA9F9D /* Assets.xcassets */ = {isa = PBXFileReference; lastKnownFileType = folder.assetcatalog; path = Assets.xcassets; sourceTree = "<group>"; };
		9FC39AD82799F22100CA9F9D /* Base */ = {isa = PBXFileReference; lastKnownFileType = file.storyboard; name = Base; path = Base.lproj/LaunchScreen.storyboard; sourceTree = "<group>"; };
		9FC39ADA2799F22100CA9F9D /* Info.plist */ = {isa = PBXFileReference; lastKnownFileType = text.plist.xml; path = Info.plist; sourceTree = "<group>"; };
		9FC39ADF2799F22100CA9F9D /* CICDiOSTests.xctest */ = {isa = PBXFileReference; explicitFileType = wrapper.cfbundle; includeInIndex = 0; path = CICDiOSTests.xctest; sourceTree = BUILT_PRODUCTS_DIR; };
		9FC39AE32799F22100CA9F9D /* CICDiOSTests.swift */ = {isa = PBXFileReference; lastKnownFileType = sourcecode.swift; path = CICDiOSTests.swift; sourceTree = "<group>"; };
		9FC39AE52799F22100CA9F9D /* Info.plist */ = {isa = PBXFileReference; lastKnownFileType = text.plist.xml; path = Info.plist; sourceTree = "<group>"; };
		9FC39AEA2799F22100CA9F9D /* CICDiOSUITests.xctest */ = {isa = PBXFileReference; explicitFileType = wrapper.cfbundle; includeInIndex = 0; path = CICDiOSUITests.xctest; sourceTree = BUILT_PRODUCTS_DIR; };
		9FC39AEE2799F22100CA9F9D /* CICDiOSUITests.swift */ = {isa = PBXFileReference; lastKnownFileType = sourcecode.swift; path = CICDiOSUITests.swift; sourceTree = "<group>"; };
		9FC39AF02799F22100CA9F9D /* Info.plist */ = {isa = PBXFileReference; lastKnownFileType = text.plist.xml; path = Info.plist; sourceTree = "<group>"; };
		B26E665F80266D4C694ACF99 /* Pods-CICDiOSTests.debug.xcconfig */ = {isa = PBXFileReference; includeInIndex = 1; lastKnownFileType = text.xcconfig; name = "Pods-CICDiOSTests.debug.xcconfig"; path = "Target Support Files/Pods-CICDiOSTests/Pods-CICDiOSTests.debug.xcconfig"; sourceTree = "<group>"; };
		C85908317352F14B1DD68A40 /* Pods-CICDiOS.debug.xcconfig */ = {isa = PBXFileReference; includeInIndex = 1; lastKnownFileType = text.xcconfig; name = "Pods-CICDiOS.debug.xcconfig"; path = "Target Support Files/Pods-CICDiOS/Pods-CICDiOS.debug.xcconfig"; sourceTree = "<group>"; };
		DCB005067B59B468ED4070BA /* Pods-CICDiOS-CICDiOSUITests.debug.xcconfig */ = {isa = PBXFileReference; includeInIndex = 1; lastKnownFileType = text.xcconfig; name = "Pods-CICDiOS-CICDiOSUITests.debug.xcconfig"; path = "Target Support Files/Pods-CICDiOS-CICDiOSUITests/Pods-CICDiOS-CICDiOSUITests.debug.xcconfig"; sourceTree = "<group>"; };
		E78CB1659813B9D530CDE039 /* Pods-CICDiOS.release.xcconfig */ = {isa = PBXFileReference; includeInIndex = 1; lastKnownFileType = text.xcconfig; name = "Pods-CICDiOS.release.xcconfig"; path = "Target Support Files/Pods-CICDiOS/Pods-CICDiOS.release.xcconfig"; sourceTree = "<group>"; };
/* End PBXFileReference section */

/* Begin PBXFrameworksBuildPhase section */
		9FC39AC62799F22000CA9F9D /* Frameworks */ = {
			isa = PBXFrameworksBuildPhase;
			buildActionMask = 2147483647;
			files = (
				CED59774D869B8979311F148 /* Pods_CICDiOS.framework in Frameworks */,
			);
			runOnlyForDeploymentPostprocessing = 0;
		};
		9FC39ADC2799F22100CA9F9D /* Frameworks */ = {
			isa = PBXFrameworksBuildPhase;
			buildActionMask = 2147483647;
			files = (
				C1D4EEA3FC6BA6E43A4675B5 /* Pods_CICDiOSTests.framework in Frameworks */,
			);
			runOnlyForDeploymentPostprocessing = 0;
		};
		9FC39AE72799F22100CA9F9D /* Frameworks */ = {
			isa = PBXFrameworksBuildPhase;
			buildActionMask = 2147483647;
			files = (
				BDF67B4A40A713E2A3946282 /* Pods_CICDiOS_CICDiOSUITests.framework in Frameworks */,
			);
			runOnlyForDeploymentPostprocessing = 0;
		};
/* End PBXFrameworksBuildPhase section */

/* Begin PBXGroup section */
		896882722449719F3B24DB5F /* Pods */ = {
			isa = PBXGroup;
			children = (
				C85908317352F14B1DD68A40 /* Pods-CICDiOS.debug.xcconfig */,
				E78CB1659813B9D530CDE039 /* Pods-CICDiOS.release.xcconfig */,
				DCB005067B59B468ED4070BA /* Pods-CICDiOS-CICDiOSUITests.debug.xcconfig */,
				78E1964C2F0665D0EF7783E7 /* Pods-CICDiOS-CICDiOSUITests.release.xcconfig */,
				B26E665F80266D4C694ACF99 /* Pods-CICDiOSTests.debug.xcconfig */,
				6B7E506956BF562B72C7AA52 /* Pods-CICDiOSTests.release.xcconfig */,
			);
			path = Pods;
			sourceTree = "<group>";
		};
		9FC39AC02799F22000CA9F9D = {
			isa = PBXGroup;
			children = (
				9FC39ACB2799F22000CA9F9D /* CICDiOS */,
				9FC39AE22799F22100CA9F9D /* CICDiOSTests */,
				9FC39AED2799F22100CA9F9D /* CICDiOSUITests */,
				9FC39ACA2799F22000CA9F9D /* Products */,
				896882722449719F3B24DB5F /* Pods */,
				DF5F67FA1DF237C2740DAD4B /* Frameworks */,
			);
			sourceTree = "<group>";
		};
		9FC39ACA2799F22000CA9F9D /* Products */ = {
			isa = PBXGroup;
			children = (
				9FC39AC92799F22000CA9F9D /* CICDiOS.app */,
				9FC39ADF2799F22100CA9F9D /* CICDiOSTests.xctest */,
				9FC39AEA2799F22100CA9F9D /* CICDiOSUITests.xctest */,
			);
			name = Products;
			sourceTree = "<group>";
		};
		9FC39ACB2799F22000CA9F9D /* CICDiOS */ = {
			isa = PBXGroup;
			children = (
				9FC39ACC2799F22000CA9F9D /* AppDelegate.swift */,
				9FC39AD02799F22000CA9F9D /* ViewController.swift */,
				9FC39AD22799F22000CA9F9D /* Main.storyboard */,
				9FC39AD52799F22100CA9F9D /* Assets.xcassets */,
				9FC39AD72799F22100CA9F9D /* LaunchScreen.storyboard */,
				9FC39ADA2799F22100CA9F9D /* Info.plist */,
			);
			path = CICDiOS;
			sourceTree = "<group>";
		};
		9FC39AE22799F22100CA9F9D /* CICDiOSTests */ = {
			isa = PBXGroup;
			children = (
				9FC39AE32799F22100CA9F9D /* CICDiOSTests.swift */,
				9FC39AE52799F22100CA9F9D /* Info.plist */,
			);
			path = CICDiOSTests;
			sourceTree = "<group>";
		};
		9FC39AED2799F22100CA9F9D /* CICDiOSUITests */ = {
			isa = PBXGroup;
			children = (
				9FC39AEE2799F22100CA9F9D /* CICDiOSUITests.swift */,
				9FC39AF02799F22100CA9F9D /* Info.plist */,
			);
			path = CICDiOSUITests;
			sourceTree = "<group>";
		};
		DF5F67FA1DF237C2740DAD4B /* Frameworks */ = {
			isa = PBXGroup;
			children = (
				89BEE6AFAC98336AF6A59DDD /* Pods_CICDiOS.framework */,
				4A0B7FB2A2FC6B9D51AA1FD6 /* Pods_CICDiOS_CICDiOSUITests.framework */,
				907C211B7066617B6D8070A2 /* Pods_CICDiOSTests.framework */,
			);
			name = Frameworks;
			sourceTree = "<group>";
		};
/* End PBXGroup section */

/* Begin PBXNativeTarget section */
		9FC39AC82799F22000CA9F9D /* CICDiOS */ = {
			isa = PBXNativeTarget;
			buildConfigurationList = 9FC39AF32799F22100CA9F9D /* Build configuration list for PBXNativeTarget "CICDiOS" */;
			buildPhases = (
				E626549B2E12E8DD54C5A5E1 /* [CP] Check Pods Manifest.lock */,
				9FC39AC52799F22000CA9F9D /* Sources */,
				9FC39AC62799F22000CA9F9D /* Frameworks */,
				9FC39AC72799F22000CA9F9D /* Resources */,
			);
			buildRules = (
			);
			dependencies = (
			);
			name = CICDiOS;
			productName = CICDiOS;
			productReference = 9FC39AC92799F22000CA9F9D /* CICDiOS.app */;
			productType = "com.apple.product-type.application";
		};
		9FC39ADE2799F22100CA9F9D /* CICDiOSTests */ = {
			isa = PBXNativeTarget;
			buildConfigurationList = 9FC39AF62799F22100CA9F9D /* Build configuration list for PBXNativeTarget "CICDiOSTests" */;
			buildPhases = (
				305626C7FF9CB1EF9F14F91D /* [CP] Check Pods Manifest.lock */,
				9FC39ADB2799F22100CA9F9D /* Sources */,
				9FC39ADC2799F22100CA9F9D /* Frameworks */,
				9FC39ADD2799F22100CA9F9D /* Resources */,
			);
			buildRules = (
			);
			dependencies = (
				9FC39AE12799F22100CA9F9D /* PBXTargetDependency */,
			);
			name = CICDiOSTests;
			productName = CICDiOSTests;
			productReference = 9FC39ADF2799F22100CA9F9D /* CICDiOSTests.xctest */;
			productType = "com.apple.product-type.bundle.unit-test";
		};
		9FC39AE92799F22100CA9F9D /* CICDiOSUITests */ = {
			isa = PBXNativeTarget;
			buildConfigurationList = 9FC39AF92799F22100CA9F9D /* Build configuration list for PBXNativeTarget "CICDiOSUITests" */;
			buildPhases = (
				AD37B1A1AF24D8106FC08FDD /* [CP] Check Pods Manifest.lock */,
				9FC39AE62799F22100CA9F9D /* Sources */,
				9FC39AE72799F22100CA9F9D /* Frameworks */,
				9FC39AE82799F22100CA9F9D /* Resources */,
			);
			buildRules = (
			);
			dependencies = (
				9FC39AEC2799F22100CA9F9D /* PBXTargetDependency */,
			);
			name = CICDiOSUITests;
			productName = CICDiOSUITests;
			productReference = 9FC39AEA2799F22100CA9F9D /* CICDiOSUITests.xctest */;
			productType = "com.apple.product-type.bundle.ui-testing";
		};
/* End PBXNativeTarget section */

/* Begin PBXProject section */
		9FC39AC12799F22000CA9F9D /* Project object */ = {
			isa = PBXProject;
			attributes = {
				LastSwiftUpdateCheck = 1250;
				LastUpgradeCheck = 1250;
				TargetAttributes = {
					9FC39AC82799F22000CA9F9D = {
						CreatedOnToolsVersion = 12.5.1;
					};
					9FC39ADE2799F22100CA9F9D = {
						CreatedOnToolsVersion = 12.5.1;
						TestTargetID = 9FC39AC82799F22000CA9F9D;
					};
					9FC39AE92799F22100CA9F9D = {
						CreatedOnToolsVersion = 12.5.1;
						TestTargetID = 9FC39AC82799F22000CA9F9D;
					};
				};
			};
			buildConfigurationList = 9FC39AC42799F22000CA9F9D /* Build configuration list for PBXProject "CICDiOS" */;
			compatibilityVersion = "Xcode 9.3";
			developmentRegion = en;
			hasScannedForEncodings = 0;
			knownRegions = (
				en,
				Base,
			);
			mainGroup = 9FC39AC02799F22000CA9F9D;
			productRefGroup = 9FC39ACA2799F22000CA9F9D /* Products */;
			projectDirPath = "";
			projectRoot = "";
			targets = (
				9FC39AC82799F22000CA9F9D /* CICDiOS */,
				9FC39ADE2799F22100CA9F9D /* CICDiOSTests */,
				9FC39AE92799F22100CA9F9D /* CICDiOSUITests */,
			);
		};
/* End PBXProject section */

/* Begin PBXResourcesBuildPhase section */
		9FC39AC72799F22000CA9F9D /* Resources */ = {
			isa = PBXResourcesBuildPhase;
			buildActionMask = 2147483647;
			files = (
				9FC39AD92799F22100CA9F9D /* LaunchScreen.storyboard in Resources */,
				9FC39AD62799F22100CA9F9D /* Assets.xcassets in Resources */,
				9FC39AD42799F22000CA9F9D /* Main.storyboard in Resources */,
			);
			runOnlyForDeploymentPostprocessing = 0;
		};
		9FC39ADD2799F22100CA9F9D /* Resources */ = {
			isa = PBXResourcesBuildPhase;
			buildActionMask = 2147483647;
			files = (
			);
			runOnlyForDeploymentPostprocessing = 0;
		};
		9FC39AE82799F22100CA9F9D /* Resources */ = {
			isa = PBXResourcesBuildPhase;
			buildActionMask = 2147483647;
			files = (
			);
			runOnlyForDeploymentPostprocessing = 0;
		};
/* End PBXResourcesBuildPhase section */

/* Begin PBXShellScriptBuildPhase section */
		305626C7FF9CB1EF9F14F91D /* [CP] Check Pods Manifest.lock */ = {
			isa = PBXShellScriptBuildPhase;
			buildActionMask = 2147483647;
			files = (
			);
			inputFileListPaths = (
			);
			inputPaths = (
				"${PODS_PODFILE_DIR_PATH}/Podfile.lock",
				"${PODS_ROOT}/Manifest.lock",
			);
			name = "[CP] Check Pods Manifest.lock";
			outputFileListPaths = (
			);
			outputPaths = (
				"$(DERIVED_FILE_DIR)/Pods-CICDiOSTests-checkManifestLockResult.txt",
			);
			runOnlyForDeploymentPostprocessing = 0;
			shellPath = /bin/sh;
			shellScript = "diff \"${PODS_PODFILE_DIR_PATH}/Podfile.lock\" \"${PODS_ROOT}/Manifest.lock\" > /dev/null\nif [ $? != 0 ] ; then\n    # print error to STDERR\n    echo \"error: The sandbox is not in sync with the Podfile.lock. Run 'pod install' or update your CocoaPods installation.\" >&2\n    exit 1\nfi\n# This output is used by Xcode 'outputs' to avoid re-running this script phase.\necho \"SUCCESS\" > \"${SCRIPT_OUTPUT_FILE_0}\"\n";
			showEnvVarsInLog = 0;
		};
		AD37B1A1AF24D8106FC08FDD /* [CP] Check Pods Manifest.lock */ = {
			isa = PBXShellScriptBuildPhase;
			buildActionMask = 2147483647;
			files = (
			);
			inputFileListPaths = (
			);
			inputPaths = (
				"${PODS_PODFILE_DIR_PATH}/Podfile.lock",
				"${PODS_ROOT}/Manifest.lock",
			);
			name = "[CP] Check Pods Manifest.lock";
			outputFileListPaths = (
			);
			outputPaths = (
				"$(DERIVED_FILE_DIR)/Pods-CICDiOS-CICDiOSUITests-checkManifestLockResult.txt",
			);
			runOnlyForDeploymentPostprocessing = 0;
			shellPath = /bin/sh;
			shellScript = "diff \"${PODS_PODFILE_DIR_PATH}/Podfile.lock\" \"${PODS_ROOT}/Manifest.lock\" > /dev/null\nif [ $? != 0 ] ; then\n    # print error to STDERR\n    echo \"error: The sandbox is not in sync with the Podfile.lock. Run 'pod install' or update your CocoaPods installation.\" >&2\n    exit 1\nfi\n# This output is used by Xcode 'outputs' to avoid re-running this script phase.\necho \"SUCCESS\" > \"${SCRIPT_OUTPUT_FILE_0}\"\n";
			showEnvVarsInLog = 0;
		};
		E626549B2E12E8DD54C5A5E1 /* [CP] Check Pods Manifest.lock */ = {
			isa = PBXShellScriptBuildPhase;
			buildActionMask = 2147483647;
			files = (
			);
			inputFileListPaths = (
			);
			inputPaths = (
				"${PODS_PODFILE_DIR_PATH}/Podfile.lock",
				"${PODS_ROOT}/Manifest.lock",
			);
			name = "[CP] Check Pods Manifest.lock";
			outputFileListPaths = (
			);
			outputPaths = (
				"$(DERIVED_FILE_DIR)/Pods-CICDiOS-checkManifestLockResult.txt",
			);
			runOnlyForDeploymentPostprocessing = 0;
			shellPath = /bin/sh;
			shellScript = "diff \"${PODS_PODFILE_DIR_PATH}/Podfile.lock\" \"${PODS_ROOT}/Manifest.lock\" > /dev/null\nif [ $? != 0 ] ; then\n    # print error to STDERR\n    echo \"error: The sandbox is not in sync with the Podfile.lock. Run 'pod install' or update your CocoaPods installation.\" >&2\n    exit 1\nfi\n# This output is used by Xcode 'outputs' to avoid re-running this script phase.\necho \"SUCCESS\" > \"${SCRIPT_OUTPUT_FILE_0}\"\n";
			showEnvVarsInLog = 0;
		};
/* End PBXShellScriptBuildPhase section */

/* Begin PBXSourcesBuildPhase section */
		9FC39AC52799F22000CA9F9D /* Sources */ = {
			isa = PBXSourcesBuildPhase;
			buildActionMask = 2147483647;
			files = (
				9FC39AD12799F22000CA9F9D /* ViewController.swift in Sources */,
				9FC39ACD2799F22000CA9F9D /* AppDelegate.swift in Sources */,
			);
			runOnlyForDeploymentPostprocessing = 0;
		};
		9FC39ADB2799F22100CA9F9D /* Sources */ = {
			isa = PBXSourcesBuildPhase;
			buildActionMask = 2147483647;
			files = (
				9FC39AE42799F22100CA9F9D /* CICDiOSTests.swift in Sources */,
			);
			runOnlyForDeploymentPostprocessing = 0;
		};
		9FC39AE62799F22100CA9F9D /* Sources */ = {
			isa = PBXSourcesBuildPhase;
			buildActionMask = 2147483647;
			files = (
				9FC39AEF2799F22100CA9F9D /* CICDiOSUITests.swift in Sources */,
			);
			runOnlyForDeploymentPostprocessing = 0;
		};
/* End PBXSourcesBuildPhase section */

/* Begin PBXTargetDependency section */
		9FC39AE12799F22100CA9F9D /* PBXTargetDependency */ = {
			isa = PBXTargetDependency;
			target = 9FC39AC82799F22000CA9F9D /* CICDiOS */;
			targetProxy = 9FC39AE02799F22100CA9F9D /* PBXContainerItemProxy */;
		};
		9FC39AEC2799F22100CA9F9D /* PBXTargetDependency */ = {
			isa = PBXTargetDependency;
			target = 9FC39AC82799F22000CA9F9D /* CICDiOS */;
			targetProxy = 9FC39AEB2799F22100CA9F9D /* PBXContainerItemProxy */;
		};
/* End PBXTargetDependency section */

/* Begin PBXVariantGroup section */
		9FC39AD22799F22000CA9F9D /* Main.storyboard */ = {
			isa = PBXVariantGroup;
			children = (
				9FC39AD32799F22000CA9F9D /* Base */,
			);
			name = Main.storyboard;
			sourceTree = "<group>";
		};
		9FC39AD72799F22100CA9F9D /* LaunchScreen.storyboard */ = {
			isa = PBXVariantGroup;
			children = (
				9FC39AD82799F22100CA9F9D /* Base */,
			);
			name = LaunchScreen.storyboard;
			sourceTree = "<group>";
		};
/* End PBXVariantGroup section */

/* Begin XCBuildConfiguration section */
		9FC39AF12799F22100CA9F9D /* Debug */ = {
			isa = XCBuildConfiguration;
			buildSettings = {
				ALWAYS_SEARCH_USER_PATHS = NO;
				CLANG_ANALYZER_NONNULL = YES;
				CLANG_ANALYZER_NUMBER_OBJECT_CONVERSION = YES_AGGRESSIVE;
				CLANG_CXX_LANGUAGE_STANDARD = "gnu++14";
				CLANG_CXX_LIBRARY = "libc++";
				CLANG_ENABLE_MODULES = YES;
				CLANG_ENABLE_OBJC_ARC = YES;
				CLANG_ENABLE_OBJC_WEAK = YES;
				CLANG_WARN_BLOCK_CAPTURE_AUTORELEASING = YES;
				CLANG_WARN_BOOL_CONVERSION = YES;
				CLANG_WARN_COMMA = YES;
				CLANG_WARN_CONSTANT_CONVERSION = YES;
				CLANG_WARN_DEPRECATED_OBJC_IMPLEMENTATIONS = YES;
				CLANG_WARN_DIRECT_OBJC_ISA_USAGE = YES_ERROR;
				CLANG_WARN_DOCUMENTATION_COMMENTS = YES;
				CLANG_WARN_EMPTY_BODY = YES;
				CLANG_WARN_ENUM_CONVERSION = YES;
				CLANG_WARN_INFINITE_RECURSION = YES;
				CLANG_WARN_INT_CONVERSION = YES;
				CLANG_WARN_NON_LITERAL_NULL_CONVERSION = YES;
				CLANG_WARN_OBJC_IMPLICIT_RETAIN_SELF = YES;
				CLANG_WARN_OBJC_LITERAL_CONVERSION = YES;
				CLANG_WARN_OBJC_ROOT_CLASS = YES_ERROR;
				CLANG_WARN_QUOTED_INCLUDE_IN_FRAMEWORK_HEADER = YES;
				CLANG_WARN_RANGE_LOOP_ANALYSIS = YES;
				CLANG_WARN_STRICT_PROTOTYPES = YES;
				CLANG_WARN_SUSPICIOUS_MOVE = YES;
				CLANG_WARN_UNGUARDED_AVAILABILITY = YES_AGGRESSIVE;
				CLANG_WARN_UNREACHABLE_CODE = YES;
				CLANG_WARN__DUPLICATE_METHOD_MATCH = YES;
				COPY_PHASE_STRIP = NO;
				DEBUG_INFORMATION_FORMAT = dwarf;
				ENABLE_STRICT_OBJC_MSGSEND = YES;
				ENABLE_TESTABILITY = YES;
				GCC_C_LANGUAGE_STANDARD = gnu11;
				GCC_DYNAMIC_NO_PIC = NO;
				GCC_NO_COMMON_BLOCKS = YES;
				GCC_OPTIMIZATION_LEVEL = 0;
				GCC_PREPROCESSOR_DEFINITIONS = (
					"DEBUG=1",
					"$(inherited)",
				);
				GCC_WARN_64_TO_32_BIT_CONVERSION = YES;
				GCC_WARN_ABOUT_RETURN_TYPE = YES_ERROR;
				GCC_WARN_UNDECLARED_SELECTOR = YES;
				GCC_WARN_UNINITIALIZED_AUTOS = YES_AGGRESSIVE;
				GCC_WARN_UNUSED_FUNCTION = YES;
				GCC_WARN_UNUSED_VARIABLE = YES;
				IPHONEOS_DEPLOYMENT_TARGET = 14.1;
				MTL_ENABLE_DEBUG_INFO = INCLUDE_SOURCE;
				MTL_FAST_MATH = YES;
				ONLY_ACTIVE_ARCH = YES;
				SDKROOT = iphoneos;
				SWIFT_ACTIVE_COMPILATION_CONDITIONS = DEBUG;
				SWIFT_OPTIMIZATION_LEVEL = "-Onone";
			};
			name = Debug;
		};
		9FC39AF22799F22100CA9F9D /* Release */ = {
			isa = XCBuildConfiguration;
			buildSettings = {
				ALWAYS_SEARCH_USER_PATHS = NO;
				CLANG_ANALYZER_NONNULL = YES;
				CLANG_ANALYZER_NUMBER_OBJECT_CONVERSION = YES_AGGRESSIVE;
				CLANG_CXX_LANGUAGE_STANDARD = "gnu++14";
				CLANG_CXX_LIBRARY = "libc++";
				CLANG_ENABLE_MODULES = YES;
				CLANG_ENABLE_OBJC_ARC = YES;
				CLANG_ENABLE_OBJC_WEAK = YES;
				CLANG_WARN_BLOCK_CAPTURE_AUTORELEASING = YES;
				CLANG_WARN_BOOL_CONVERSION = YES;
				CLANG_WARN_COMMA = YES;
				CLANG_WARN_CONSTANT_CONVERSION = YES;
				CLANG_WARN_DEPRECATED_OBJC_IMPLEMENTATIONS = YES;
				CLANG_WARN_DIRECT_OBJC_ISA_USAGE = YES_ERROR;
				CLANG_WARN_DOCUMENTATION_COMMENTS = YES;
				CLANG_WARN_EMPTY_BODY = YES;
				CLANG_WARN_ENUM_CONVERSION = YES;
				CLANG_WARN_INFINITE_RECURSION = YES;
				CLANG_WARN_INT_CONVERSION = YES;
				CLANG_WARN_NON_LITERAL_NULL_CONVERSION = YES;
				CLANG_WARN_OBJC_IMPLICIT_RETAIN_SELF = YES;
				CLANG_WARN_OBJC_LITERAL_CONVERSION = YES;
				CLANG_WARN_OBJC_ROOT_CLASS = YES_ERROR;
				CLANG_WARN_QUOTED_INCLUDE_IN_FRAMEWORK_HEADER = YES;
				CLANG_WARN_RANGE_LOOP_ANALYSIS = YES;
				CLANG_WARN_STRICT_PROTOTYPES = YES;
				CLANG_WARN_SUSPICIOUS_MOVE = YES;
				CLANG_WARN_UNGUARDED_AVAILABILITY = YES_AGGRESSIVE;
				CLANG_WARN_UNREACHABLE_CODE = YES;
				CLANG_WARN__DUPLICATE_METHOD_MATCH = YES;
				COPY_PHASE_STRIP = NO;
				DEBUG_INFORMATION_FORMAT = "dwarf-with-dsym";
				ENABLE_NS_ASSERTIONS = NO;
				ENABLE_STRICT_OBJC_MSGSEND = YES;
				GCC_C_LANGUAGE_STANDARD = gnu11;
				GCC_NO_COMMON_BLOCKS = YES;
				GCC_WARN_64_TO_32_BIT_CONVERSION = YES;
				GCC_WARN_ABOUT_RETURN_TYPE = YES_ERROR;
				GCC_WARN_UNDECLARED_SELECTOR = YES;
				GCC_WARN_UNINITIALIZED_AUTOS = YES_AGGRESSIVE;
				GCC_WARN_UNUSED_FUNCTION = YES;
				GCC_WARN_UNUSED_VARIABLE = YES;
				IPHONEOS_DEPLOYMENT_TARGET = 14.1;
				MTL_ENABLE_DEBUG_INFO = NO;
				MTL_FAST_MATH = YES;
				SDKROOT = iphoneos;
				SWIFT_COMPILATION_MODE = wholemodule;
				SWIFT_OPTIMIZATION_LEVEL = "-O";
				VALIDATE_PRODUCT = YES;
			};
			name = Release;
		};
		9FC39AF42799F22100CA9F9D /* Debug */ = {
			isa = XCBuildConfiguration;
			baseConfigurationReference = C85908317352F14B1DD68A40 /* Pods-CICDiOS.debug.xcconfig */;
			buildSettings = {
				ASSETCATALOG_COMPILER_APPICON_NAME = AppIcon;
				ASSETCATALOG_COMPILER_GLOBAL_ACCENT_COLOR_NAME = AccentColor;
				CODE_SIGN_STYLE = Automatic;
				DEBUG_INFORMATION_FORMAT = "dwarf-with-dsym";
				DEVELOPMENT_TEAM = 662S994T9R;
				INFOPLIST_FILE = CICDiOS/Info.plist;
				LD_RUNPATH_SEARCH_PATHS = (
					"$(inherited)",
					"@executable_path/Frameworks",
				);
				PRODUCT_BUNDLE_IDENTIFIER = com.lcs.CICDiOS;
				PRODUCT_NAME = "$(TARGET_NAME)";
				SWIFT_VERSION = 5.0;
				TARGETED_DEVICE_FAMILY = "1,2";
			};
			name = Debug;
		};
		9FC39AF52799F22100CA9F9D /* Release */ = {
			isa = XCBuildConfiguration;
			baseConfigurationReference = E78CB1659813B9D530CDE039 /* Pods-CICDiOS.release.xcconfig */;
			buildSettings = {
				ASSETCATALOG_COMPILER_APPICON_NAME = AppIcon;
				ASSETCATALOG_COMPILER_GLOBAL_ACCENT_COLOR_NAME = AccentColor;
				CODE_SIGN_STYLE = Automatic;
				DEVELOPMENT_TEAM = 662S994T9R;
				INFOPLIST_FILE = CICDiOS/Info.plist;
				LD_RUNPATH_SEARCH_PATHS = (
					"$(inherited)",
					"@executable_path/Frameworks",
				);
				PRODUCT_BUNDLE_IDENTIFIER = com.lcs.CICDiOS;
				PRODUCT_NAME = "$(TARGET_NAME)";
				SWIFT_VERSION = 5.0;
				TARGETED_DEVICE_FAMILY = "1,2";
			};
			name = Release;
		};
		9FC39AF72799F22100CA9F9D /* Debug */ = {
			isa = XCBuildConfiguration;
			baseConfigurationReference = B26E665F80266D4C694ACF99 /* Pods-CICDiOSTests.debug.xcconfig */;
			buildSettings = {
				ALWAYS_EMBED_SWIFT_STANDARD_LIBRARIES = YES;
				BUNDLE_LOADER = "$(TEST_HOST)";
				CODE_SIGN_STYLE = Automatic;
				DEVELOPMENT_TEAM = 662S994T9R;
				INFOPLIST_FILE = CICDiOSTests/Info.plist;
				IPHONEOS_DEPLOYMENT_TARGET = 14.5;
				LD_RUNPATH_SEARCH_PATHS = (
					"$(inherited)",
					"@executable_path/Frameworks",
					"@loader_path/Frameworks",
				);
				PRODUCT_BUNDLE_IDENTIFIER = com.lcs.CICDiOSTests;
				PRODUCT_NAME = "$(TARGET_NAME)";
				SWIFT_VERSION = 5.0;
				TARGETED_DEVICE_FAMILY = "1,2";
				TEST_HOST = "$(BUILT_PRODUCTS_DIR)/CICDiOS.app/CICDiOS";
			};
			name = Debug;
		};
		9FC39AF82799F22100CA9F9D /* Release */ = {
			isa = XCBuildConfiguration;
			baseConfigurationReference = 6B7E506956BF562B72C7AA52 /* Pods-CICDiOSTests.release.xcconfig */;
			buildSettings = {
				ALWAYS_EMBED_SWIFT_STANDARD_LIBRARIES = YES;
				BUNDLE_LOADER = "$(TEST_HOST)";
				CODE_SIGN_STYLE = Automatic;
				DEVELOPMENT_TEAM = 662S994T9R;
				INFOPLIST_FILE = CICDiOSTests/Info.plist;
				IPHONEOS_DEPLOYMENT_TARGET = 14.5;
				LD_RUNPATH_SEARCH_PATHS = (
					"$(inherited)",
					"@executable_path/Frameworks",
					"@loader_path/Frameworks",
				);
				PRODUCT_BUNDLE_IDENTIFIER = com.lcs.CICDiOSTests;
				PRODUCT_NAME = "$(TARGET_NAME)";
				SWIFT_VERSION = 5.0;
				TARGETED_DEVICE_FAMILY = "1,2";
				TEST_HOST = "$(BUILT_PRODUCTS_DIR)/CICDiOS.app/CICDiOS";
			};
			name = Release;
		};
		9FC39AFA2799F22100CA9F9D /* Debug */ = {
			isa = XCBuildConfiguration;
			baseConfigurationReference = DCB005067B59B468ED4070BA /* Pods-CICDiOS-CICDiOSUITests.debug.xcconfig */;
			buildSettings = {
				ALWAYS_EMBED_SWIFT_STANDARD_LIBRARIES = YES;
				CODE_SIGN_STYLE = Automatic;
				DEVELOPMENT_TEAM = 662S994T9R;
				INFOPLIST_FILE = CICDiOSUITests/Info.plist;
				LD_RUNPATH_SEARCH_PATHS = (
					"$(inherited)",
					"@executable_path/Frameworks",
					"@loader_path/Frameworks",
				);
				PRODUCT_BUNDLE_IDENTIFIER = com.lcs.CICDiOSUITests;
				PRODUCT_NAME = "$(TARGET_NAME)";
				SWIFT_VERSION = 5.0;
				TARGETED_DEVICE_FAMILY = "1,2";
				TEST_TARGET_NAME = CICDiOS;
			};
			name = Debug;
		};
		9FC39AFB2799F22100CA9F9D /* Release */ = {
			isa = XCBuildConfiguration;
			baseConfigurationReference = 78E1964C2F0665D0EF7783E7 /* Pods-CICDiOS-CICDiOSUITests.release.xcconfig */;
			buildSettings = {
				ALWAYS_EMBED_SWIFT_STANDARD_LIBRARIES = YES;
				CODE_SIGN_STYLE = Automatic;
				DEVELOPMENT_TEAM = 662S994T9R;
				INFOPLIST_FILE = CICDiOSUITests/Info.plist;
				LD_RUNPATH_SEARCH_PATHS = (
					"$(inherited)",
					"@executable_path/Frameworks",
					"@loader_path/Frameworks",
				);
				PRODUCT_BUNDLE_IDENTIFIER = com.lcs.CICDiOSUITests;
				PRODUCT_NAME = "$(TARGET_NAME)";
				SWIFT_VERSION = 5.0;
				TARGETED_DEVICE_FAMILY = "1,2";
				TEST_TARGET_NAME = CICDiOS;
			};
			name = Release;
		};
/* End XCBuildConfiguration section */

/* Begin XCConfigurationList section */
		9FC39AC42799F22000CA9F9D /* Build configuration list for PBXProject "CICDiOS" */ = {
			isa = XCConfigurationList;
			buildConfigurations = (
				9FC39AF12799F22100CA9F9D /* Debug */,
				9FC39AF22799F22100CA9F9D /* Release */,
			);
			defaultConfigurationIsVisible = 0;
			defaultConfigurationName = Release;
		};
		9FC39AF32799F22100CA9F9D /* Build configuration list for PBXNativeTarget "CICDiOS" */ = {
			isa = XCConfigurationList;
			buildConfigurations = (
				9FC39AF42799F22100CA9F9D /* Debug */,
				9FC39AF52799F22100CA9F9D /* Release */,
			);
			defaultConfigurationIsVisible = 0;
			defaultConfigurationName = Release;
		};
		9FC39AF62799F22100CA9F9D /* Build configuration list for PBXNativeTarget "CICDiOSTests" */ = {
			isa = XCConfigurationList;
			buildConfigurations = (
				9FC39AF72799F22100CA9F9D /* Debug */,
				9FC39AF82799F22100CA9F9D /* Release */,
			);
			defaultConfigurationIsVisible = 0;
			defaultConfigurationName = Release;
		};
		9FC39AF92799F22100CA9F9D /* Build configuration list for PBXNativeTarget "CICDiOSUITests" */ = {
			isa = XCConfigurationList;
			buildConfigurations = (
				9FC39AFA2799F22100CA9F9D /* Debug */,
				9FC39AFB2799F22100CA9F9D /* Release */,
			);
			defaultConfigurationIsVisible = 0;
			defaultConfigurationName = Release;
		};
/* End XCConfigurationList section */
	};
	rootObject = 9FC39AC12799F22000CA9F9D /* Project object */;
}
